
Microsoft Visual Studio Solution File, Format Version 12.00
# Visual Studio 15
VisualStudioVersion = 15.0.26228.4
MinimumVisualStudioVersion = 10.0.40219.1
Project("{FAE04EC0-301F-11D3-BF4B-00C04F79EFBC}") = "Angular2", "Angular2\Angular2.csproj", "{92F84F8C-2DBE-453E-B49C-6F7023DF4791}"
EndProject
Project("{FAE04EC0-301F-11D3-BF4B-00C04F79EFBC}") = "Angular2.Tests", "Angular2.Tests\Angular2.Tests.csproj", "{F9AA1D9A-85E8-4BBA-B440-50981A1E9505}"
EndProject
Project("{FAE04EC0-301F-11D3-BF4B-00C04F79EFBC}") = "Domain.Tests", "Domain.Tests\Domain.Tests.csproj", "{9E32EB94-DA42-4FA8-8356-04FA6D426AFA}"
EndProject
Project("{FAE04EC0-301F-11D3-BF4B-00C04F79EFBC}") = "Domain", "Domain\Domain.csproj", "{5675A8E7-C1B5-4EA5-B32D-819EC39BC129}"
EndProject
Global
	GlobalSection(SolutionConfigurationPlatforms) = preSolution
		Debug|Any CPU = Debug|Any CPU
		Release|Any CPU = Release|Any CPU
	EndGlobalSection
	GlobalSection(ProjectConfigurationPlatforms) = postSolution
		{92F84F8C-2DBE-453E-B49C-6F7023DF4791}.Debug|Any CPU.ActiveCfg = Debug|Any CPU
		{92F84F8C-2DBE-453E-B49C-6F7023DF4791}.Debug|Any CPU.Build.0 = Debug|Any CPU
		{92F84F8C-2DBE-453E-B49C-6F7023DF4791}.Release|Any CPU.ActiveCfg = Release|Any CPU
		{92F84F8C-2DBE-453E-B49C-6F7023DF4791}.Release|Any CPU.Build.0 = Release|Any CPU
		{F9AA1D9A-85E8-4BBA-B440-50981A1E9505}.Debug|Any CPU.ActiveCfg = Debug|Any CPU
		{F9AA1D9A-85E8-4BBA-B440-50981A1E9505}.Debug|Any CPU.Build.0 = Debug|Any CPU
		{F9AA1D9A-85E8-4BBA-B440-50981A1E9505}.Release|Any CPU.ActiveCfg = Release|Any CPU
		{F9AA1D9A-85E8-4BBA-B440-50981A1E9505}.Release|Any CPU.Build.0 = Release|Any CPU
		{9E32EB94-DA42-4FA8-8356-04FA6D426AFA}.Debug|Any CPU.ActiveCfg = Debug|Any CPU
		{9E32EB94-DA42-4FA8-8356-04FA6D426AFA}.Debug|Any CPU.Build.0 = Debug|Any CPU
		{9E32EB94-DA42-4FA8-8356-04FA6D426AFA}.Release|Any CPU.ActiveCfg = Release|Any CPU
		{9E32EB94-DA42-4FA8-8356-04FA6D426AFA}.Release|Any CPU.Build.0 = Release|Any CPU
		{5675A8E7-C1B5-4EA5-B32D-819EC39BC129}.Debug|Any CPU.ActiveCfg = Debug|Any CPU
		{5675A8E7-C1B5-4EA5-B32D-819EC39BC129}.Debug|Any CPU.Build.0 = Debug|Any CPU
		{5675A8E7-C1B5-4EA5-B32D-819EC39BC129}.Release|Any CPU.ActiveCfg = Release|Any CPU
		{5675A8E7-C1B5-4EA5-B32D-819EC39BC129}.Release|Any CPU.Build.0 = Release|Any CPU
	EndGlobalSection
	GlobalSection(SolutionProperties) = preSolution
		HideSolutionNode = FALSE
	EndGlobalSection
EndGlobal
