
Microsoft Visual Studio Solution File, Format Version 12.00
# Visual Studio Version 16
VisualStudioVersion = 16.0.28803.202
MinimumVisualStudioVersion = 10.0.40219.1
Project("{9A19103F-16F7-4668-BE54-9A1E7A4F7556}") = "Angular4", "Angular4\Angular4.csproj", "{92F84F8C-2DBE-453E-B49C-6F7023DF4791}"
EndProject
Project("{9A19103F-16F7-4668-BE54-9A1E7A4F7556}") = "Angular4.Tests", "Angular4.Tests\Angular4.Tests.csproj", "{F9AA1D9A-85E8-4BBA-B440-50981A1E9505}"
EndProject
Project("{9A19103F-16F7-4668-BE54-9A1E7A4F7556}") = "ReactRedux", "ReactRedux\ReactRedux.csproj", "{F3D23A39-AF2F-415C-B508-2FE405371BD9}"
EndProject
Project("{9A19103F-16F7-4668-BE54-9A1E7A4F7556}") = "Backend", "Backend\Backend.csproj", "{B853F942-9B3B-48E6-ABBE-2899BE46BE64}"
EndProject
Project("{9A19103F-16F7-4668-BE54-9A1E7A4F7556}") = "Backend.Test", "Backend.Test\Backend.Test.csproj", "{6AC97CBE-4F98-47E3-A9ED-ECB354E0BFE8}"
EndProject
Project("{9A19103F-16F7-4668-BE54-9A1E7A4F7556}") = "AngularCli", "AngularCli\AngularCli.csproj", "{B5841D9E-4FEE-429A-88AC-C0832E4CAEB7}"
EndProject
Global
	GlobalSection(SolutionConfigurationPlatforms) = preSolution
		Debug|Any CPU = Debug|Any CPU
		Release|Any CPU = Release|Any CPU
	EndGlobalSection
	GlobalSection(ProjectConfigurationPlatforms) = postSolution
		{92F84F8C-2DBE-453E-B49C-6F7023DF4791}.Debug|Any CPU.ActiveCfg = Debug|Any CPU
		{92F84F8C-2DBE-453E-B49C-6F7023DF4791}.Debug|Any CPU.Build.0 = Debug|Any CPU
		{92F84F8C-2DBE-453E-B49C-6F7023DF4791}.Release|Any CPU.ActiveCfg = Release|Any CPU
		{92F84F8C-2DBE-453E-B49C-6F7023DF4791}.Release|Any CPU.Build.0 = Release|Any CPU
		{F9AA1D9A-85E8-4BBA-B440-50981A1E9505}.Debug|Any CPU.ActiveCfg = Debug|Any CPU
		{F9AA1D9A-85E8-4BBA-B440-50981A1E9505}.Debug|Any CPU.Build.0 = Debug|Any CPU
		{F9AA1D9A-85E8-4BBA-B440-50981A1E9505}.Release|Any CPU.ActiveCfg = Release|Any CPU
		{F9AA1D9A-85E8-4BBA-B440-50981A1E9505}.Release|Any CPU.Build.0 = Release|Any CPU
		{F3D23A39-AF2F-415C-B508-2FE405371BD9}.Debug|Any CPU.ActiveCfg = Debug|Any CPU
		{F3D23A39-AF2F-415C-B508-2FE405371BD9}.Debug|Any CPU.Build.0 = Debug|Any CPU
		{F3D23A39-AF2F-415C-B508-2FE405371BD9}.Release|Any CPU.ActiveCfg = Release|Any CPU
		{F3D23A39-AF2F-415C-B508-2FE405371BD9}.Release|Any CPU.Build.0 = Release|Any CPU
		{B853F942-9B3B-48E6-ABBE-2899BE46BE64}.Debug|Any CPU.ActiveCfg = Debug|Any CPU
		{B853F942-9B3B-48E6-ABBE-2899BE46BE64}.Debug|Any CPU.Build.0 = Debug|Any CPU
		{B853F942-9B3B-48E6-ABBE-2899BE46BE64}.Release|Any CPU.ActiveCfg = Release|Any CPU
		{B853F942-9B3B-48E6-ABBE-2899BE46BE64}.Release|Any CPU.Build.0 = Release|Any CPU
		{6AC97CBE-4F98-47E3-A9ED-ECB354E0BFE8}.Debug|Any CPU.ActiveCfg = Debug|Any CPU
		{6AC97CBE-4F98-47E3-A9ED-ECB354E0BFE8}.Debug|Any CPU.Build.0 = Debug|Any CPU
		{6AC97CBE-4F98-47E3-A9ED-ECB354E0BFE8}.Release|Any CPU.ActiveCfg = Release|Any CPU
		{6AC97CBE-4F98-47E3-A9ED-ECB354E0BFE8}.Release|Any CPU.Build.0 = Release|Any CPU
		{B5841D9E-4FEE-429A-88AC-C0832E4CAEB7}.Debug|Any CPU.ActiveCfg = Debug|Any CPU
		{B5841D9E-4FEE-429A-88AC-C0832E4CAEB7}.Debug|Any CPU.Build.0 = Debug|Any CPU
		{B5841D9E-4FEE-429A-88AC-C0832E4CAEB7}.Release|Any CPU.ActiveCfg = Release|Any CPU
		{B5841D9E-4FEE-429A-88AC-C0832E4CAEB7}.Release|Any CPU.Build.0 = Release|Any CPU
	EndGlobalSection
	GlobalSection(SolutionProperties) = preSolution
		HideSolutionNode = FALSE
	EndGlobalSection
	GlobalSection(ExtensibilityGlobals) = postSolution
		SolutionGuid = {CD682F97-C5AD-49E1-8169-22EE66CEC959}
	EndGlobalSection
EndGlobal
